Microsoft Visual Studio Solution File, Format Version 12.00
# Visual Studio Version 17
VisualStudioVersion = 17.5.2.0
MinimumVisualStudioVersion = 10.0.40219.1
Project("{FAE04EC0-301F-11D3-BF4B-00C04F79EFBC}") = "ProcoreDailyLogsConsole", "ProcoreDailyLogsConsole.csproj", "{A21AF117-DB0E-56E4-7265-DD1C331667C8}"
EndProject
Global
	GlobalSection(SolutionConfigurationPlatforms) = preSolution
		Debug|Any CPU = Debug|Any CPU
		Release|Any CPU = Release|Any CPU
	EndGlobalSection
	GlobalSection(ProjectConfigurationPlatforms) = postSolution
		{A21AF117-DB0E-56E4-7265-DD1C331667C8}.Debug|Any CPU.ActiveCfg = Debug|Any CPU
		{A21AF117-DB0E-56E4-7265-DD1C331667C8}.Debug|Any CPU.Build.0 = Debug|Any CPU
		{A21AF117-DB0E-56E4-7265-DD1C331667C8}.Release|Any CPU.ActiveCfg = Release|Any CPU
		{A21AF117-DB0E-56E4-7265-DD1C331667C8}.Release|Any CPU.Build.0 = Release|Any CPU
	EndGlobalSection
	GlobalSection(SolutionProperties) = preSolution
		HideSolutionNode = FALSE
	EndGlobalSection
	GlobalSection(ExtensibilityGlobals) = postSolution
		SolutionGuid = {FCF722FB-9023-4F9D-A05F-97FC30C415B3}
	EndGlobalSection
EndGlobal
